Microsoft Visual Studio Solution File, Format Version 9.00
# Visual Studio 2005
Project("{FAE04EC0-301F-11D3-BF4B-00C04F79EFBC}") = "WebCtrlMascara", "WebCtrlMascara.csproj", "{24D87AF3-5A20-4A4E-8640-3AD4A19DA353}"
EndProject
Global
	GlobalSection(SolutionConfigurationPlatforms) = preSolution
		Debug|.NET = Debug|.NET
		Debug|Any CPU = Debug|Any CPU
		Release|.NET = Release|.NET
		Release|Any CPU = Release|Any CPU
	EndGlobalSection
	GlobalSection(ProjectConfigurationPlatforms) = postSolution
		{24D87AF3-5A20-4A4E-8640-3AD4A19DA353}.Debug|.NET.ActiveCfg = Debug|Any CPU
		{24D87AF3-5A20-4A4E-8640-3AD4A19DA353}.Debug|Any CPU.ActiveCfg = Debug|Any CPU
		{24D87AF3-5A20-4A4E-8640-3AD4A19DA353}.Debug|Any CPU.Build.0 = Debug|Any CPU
		{24D87AF3-5A20-4A4E-8640-3AD4A19DA353}.Release|.NET.ActiveCfg = Release|Any CPU
		{24D87AF3-5A20-4A4E-8640-3AD4A19DA353}.Release|Any CPU.ActiveCfg = Release|Any CPU
		{24D87AF3-5A20-4A4E-8640-3AD4A19DA353}.Release|Any CPU.Build.0 = Release|Any CPU
	EndGlobalSection
	GlobalSection(SolutionProperties) = preSolution
		HideSolutionNode = FALSE
	EndGlobalSection
EndGlobal
